# This file is automatically @generated by Cargo.
# It is not intended for manual editing.
version = 3

[[package]]
name = "_fenv"
version = "0.1.0"
dependencies = [
 "aho-corasick",
]

[[package]]
name = "aho-corasick"
version = "0.7.19"
source = "registry+https://github.com/rust-lang/crates.io-index"
checksum = "b4f55bd91a0978cbfd91c457a164bab8b4001c833b7f323132c0a4e1922dd44e"
dependencies = [
 "memchr",
]

[[package]]
name = "memchr"
version = "2.5.0"
source = "registry+https://github.com/rust-lang/crates.io-index"
checksum = "2dffe52ecf27772e601905b7522cb4ef790d2cc203488bbd0e2fe85fcb74566d"
